
Microsoft Visual Studio Solution File, Format Version 12.00
# Visual Studio Version 17
VisualStudioVersion = 17.0.31903.59
MinimumVisualStudioVersion = 10.0.40219.1
Project("{2150E333-8FDC-42A3-9474-1A3956D46DE8}") = "src", "src", "{827E0CD3-B72D-47B6-A68D-7590B98EB39B}"
EndProject
Project("{FAE04EC0-301F-11D3-BF4B-00C04F79EFBC}") = "DiscordBot.Api", "src\DiscordBot.Api\DiscordBot.Api.csproj", "{B7075374-3861-4128-B8DD-DC9EFAA8D3A5}"
EndProject
Project("{FAE04EC0-301F-11D3-BF4B-00C04F79EFBC}") = "DiscordBot.Domain", "src\DiscordBot.Domain\DiscordBot.Domain.csproj", "{B42730C4-D650-48D4-8B79-5FC3AB245737}"
EndProject
Project("{FAE04EC0-301F-11D3-BF4B-00C04F79EFBC}") = "DiscordBot.Infrastructure", "src\DiscordBot.Infrastructure\DiscordBot.Infrastructure.csproj", "{0CAD32D0-AC98-43C8-AFFA-575F1ECDEE2F}"
EndProject
Project("{FAE04EC0-301F-11D3-BF4B-00C04F79EFBC}") = "DiscordBot.Bot", "src\DiscordBot.Bot\DiscordBot.Bot.csproj", "{769F39BA-7315-42A0-BDE5-8D6A5C7D5B06}"
EndProject
Global
	GlobalSection(SolutionConfigurationPlatforms) = preSolution
		Debug|Any CPU = Debug|Any CPU
		Debug|x64 = Debug|x64
		Debug|x86 = Debug|x86
		Release|Any CPU = Release|Any CPU
		Release|x64 = Release|x64
		Release|x86 = Release|x86
	EndGlobalSection
	GlobalSection(ProjectConfigurationPlatforms) = postSolution
		{B7075374-3861-4128-B8DD-DC9EFAA8D3A5}.Debug|Any CPU.ActiveCfg = Debug|Any CPU
		{B7075374-3861-4128-B8DD-DC9EFAA8D3A5}.Debug|Any CPU.Build.0 = Debug|Any CPU
		{B7075374-3861-4128-B8DD-DC9EFAA8D3A5}.Debug|x64.ActiveCfg = Debug|Any CPU
		{B7075374-3861-4128-B8DD-DC9EFAA8D3A5}.Debug|x64.Build.0 = Debug|Any CPU
		{B7075374-3861-4128-B8DD-DC9EFAA8D3A5}.Debug|x86.ActiveCfg = Debug|Any CPU
		{B7075374-3861-4128-B8DD-DC9EFAA8D3A5}.Debug|x86.Build.0 = Debug|Any CPU
		{B7075374-3861-4128-B8DD-DC9EFAA8D3A5}.Release|Any CPU.ActiveCfg = Release|Any CPU
		{B7075374-3861-4128-B8DD-DC9EFAA8D3A5}.Release|Any CPU.Build.0 = Release|Any CPU
		{B7075374-3861-4128-B8DD-DC9EFAA8D3A5}.Release|x64.ActiveCfg = Release|Any CPU
		{B7075374-3861-4128-B8DD-DC9EFAA8D3A5}.Release|x64.Build.0 = Release|Any CPU
		{B7075374-3861-4128-B8DD-DC9EFAA8D3A5}.Release|x86.ActiveCfg = Release|Any CPU
		{B7075374-3861-4128-B8DD-DC9EFAA8D3A5}.Release|x86.Build.0 = Release|Any CPU
		{B42730C4-D650-48D4-8B79-5FC3AB245737}.Debug|Any CPU.ActiveCfg = Debug|Any CPU
		{B42730C4-D650-48D4-8B79-5FC3AB245737}.Debug|Any CPU.Build.0 = Debug|Any CPU
		{B42730C4-D650-48D4-8B79-5FC3AB245737}.Debug|x64.ActiveCfg = Debug|Any CPU
		{B42730C4-D650-48D4-8B79-5FC3AB245737}.Debug|x64.Build.0 = Debug|Any CPU
		{B42730C4-D650-48D4-8B79-5FC3AB245737}.Debug|x86.ActiveCfg = Debug|Any CPU
		{B42730C4-D650-48D4-8B79-5FC3AB245737}.Debug|x86.Build.0 = Debug|Any CPU
		{B42730C4-D650-48D4-8B79-5FC3AB245737}.Release|Any CPU.ActiveCfg = Release|Any CPU
		{B42730C4-D650-48D4-8B79-5FC3AB245737}.Release|Any CPU.Build.0 = Release|Any CPU
		{B42730C4-D650-48D4-8B79-5FC3AB245737}.Release|x64.ActiveCfg = Release|Any CPU
		{B42730C4-D650-48D4-8B79-5FC3AB245737}.Release|x64.Build.0 = Release|Any CPU
		{B42730C4-D650-48D4-8B79-5FC3AB245737}.Release|x86.ActiveCfg = Release|Any CPU
		{B42730C4-D650-48D4-8B79-5FC3AB245737}.Release|x86.Build.0 = Release|Any CPU
		{0CAD32D0-AC98-43C8-AFFA-575F1ECDEE2F}.Debug|Any CPU.ActiveCfg = Debug|Any CPU
		{0CAD32D0-AC98-43C8-AFFA-575F1ECDEE2F}.Debug|Any CPU.Build.0 = Debug|Any CPU
		{0CAD32D0-AC98-43C8-AFFA-575F1ECDEE2F}.Debug|x64.ActiveCfg = Debug|Any CPU
		{0CAD32D0-AC98-43C8-AFFA-575F1ECDEE2F}.Debug|x64.Build.0 = Debug|Any CPU
		{0CAD32D0-AC98-43C8-AFFA-575F1ECDEE2F}.Debug|x86.ActiveCfg = Debug|Any CPU
		{0CAD32D0-AC98-43C8-AFFA-575F1ECDEE2F}.Debug|x86.Build.0 = Debug|Any CPU
		{0CAD32D0-AC98-43C8-AFFA-575F1ECDEE2F}.Release|Any CPU.ActiveCfg = Release|Any CPU
		{0CAD32D0-AC98-43C8-AFFA-575F1ECDEE2F}.Release|Any CPU.Build.0 = Release|Any CPU
		{0CAD32D0-AC98-43C8-AFFA-575F1ECDEE2F}.Release|x64.ActiveCfg = Release|Any CPU
		{0CAD32D0-AC98-43C8-AFFA-575F1ECDEE2F}.Release|x64.Build.0 = Release|Any CPU
		{0CAD32D0-AC98-43C8-AFFA-575F1ECDEE2F}.Release|x86.ActiveCfg = Release|Any CPU
		{0CAD32D0-AC98-43C8-AFFA-575F1ECDEE2F}.Release|x86.Build.0 = Release|Any CPU
		{769F39BA-7315-42A0-BDE5-8D6A5C7D5B06}.Debug|Any CPU.ActiveCfg = Debug|Any CPU
		{769F39BA-7315-42A0-BDE5-8D6A5C7D5B06}.Debug|Any CPU.Build.0 = Debug|Any CPU
		{769F39BA-7315-42A0-BDE5-8D6A5C7D5B06}.Debug|x64.ActiveCfg = Debug|Any CPU
		{769F39BA-7315-42A0-BDE5-8D6A5C7D5B06}.Debug|x64.Build.0 = Debug|Any CPU
		{769F39BA-7315-42A0-BDE5-8D6A5C7D5B06}.Debug|x86.ActiveCfg = Debug|Any CPU
		{769F39BA-7315-42A0-BDE5-8D6A5C7D5B06}.Debug|x86.Build.0 = Debug|Any CPU
		{769F39BA-7315-42A0-BDE5-8D6A5C7D5B06}.Release|Any CPU.ActiveCfg = Release|Any CPU
		{769F39BA-7315-42A0-BDE5-8D6A5C7D5B06}.Release|Any CPU.Build.0 = Release|Any CPU
		{769F39BA-7315-42A0-BDE5-8D6A5C7D5B06}.Release|x64.ActiveCfg = Release|Any CPU
		{769F39BA-7315-42A0-BDE5-8D6A5C7D5B06}.Release|x64.Build.0 = Release|Any CPU
		{769F39BA-7315-42A0-BDE5-8D6A5C7D5B06}.Release|x86.ActiveCfg = Release|Any CPU
		{769F39BA-7315-42A0-BDE5-8D6A5C7D5B06}.Release|x86.Build.0 = Release|Any CPU
	EndGlobalSection
	GlobalSection(SolutionProperties) = preSolution
		HideSolutionNode = FALSE
	EndGlobalSection
	GlobalSection(NestedProjects) = preSolution
		{B7075374-3861-4128-B8DD-DC9EFAA8D3A5} = {827E0CD3-B72D-47B6-A68D-7590B98EB39B}
		{B42730C4-D650-48D4-8B79-5FC3AB245737} = {827E0CD3-B72D-47B6-A68D-7590B98EB39B}
		{0CAD32D0-AC98-43C8-AFFA-575F1ECDEE2F} = {827E0CD3-B72D-47B6-A68D-7590B98EB39B}
		{769F39BA-7315-42A0-BDE5-8D6A5C7D5B06} = {827E0CD3-B72D-47B6-A68D-7590B98EB39B}
	EndGlobalSection
EndGlobal
