
Microsoft Visual Studio Solution File, Format Version 12.00
# Visual Studio Version 17
VisualStudioVersion = 17.0.31903.59
MinimumVisualStudioVersion = 10.0.40219.1
Project("{2150E333-8FDC-42A3-9474-1A3956D46DE8}") = "src", "src", "{827E0CD3-B72D-47B6-A68D-7590B98EB39B}"
EndProject
Project("{FAE04EC0-301F-11D3-BF4B-00C04F79EFBC}") = "DiscordBot.Api", "src\DiscordBot.Api\DiscordBot.Api.csproj", "{B7075374-3861-4128-B8DD-DC9EFAA8D3A5}"
EndProject
Project("{FAE04EC0-301F-11D3-BF4B-00C04F79EFBC}") = "DiscordBot.Domain", "src\DiscordBot.Domain\DiscordBot.Domain.csproj", "{B42730C4-D650-48D4-8B79-5FC3AB245737}"
EndProject
Project("{FAE04EC0-301F-11D3-BF4B-00C04F79EFBC}") = "DiscordBot.Infrastructure", "src\DiscordBot.Infrastructure\DiscordBot.Infrastructure.csproj", "{0CAD32D0-AC98-43C8-AFFA-575F1ECDEE2F}"
EndProject
Project("{FAE04EC0-301F-11D3-BF4B-00C04F79EFBC}") = "DiscordBot.Bot", "src\DiscordBot.Bot\DiscordBot.Bot.csproj", "{769F39BA-7315-42A0-BDE5-8D6A5C7D5B06}"
EndProject
Project("{FAE04EC0-301F-11D3-BF4B-00C04F79EFBC}") = "DiscordBot.Shared", "src\DiscordBot.Shared\DiscordBot.Shared.csproj", "{0862FFB0-5504-4A25-8A1D-70842A34401F}"
EndProject
Project("{FAE04EC0-301F-11D3-BF4B-00C04F79EFBC}") = "DiscordBot.Activities.Domain", "src\DiscordBot.Activities.Domain\DiscordBot.Activities.Domain.csproj", "{486757D2-BE11-4649-A02F-FECEBEF027B1}"
EndProject
Project("{FAE04EC0-301F-11D3-BF4B-00C04F79EFBC}") = "DiscordBot.Activities.Application", "src\DiscordBot.Activities.Application\DiscordBot.Activities.Application.csproj", "{542FC5E8-745F-43CF-94C0-0A63BCEDE808}"
EndProject
Project("{FAE04EC0-301F-11D3-BF4B-00C04F79EFBC}") = "DiscordBot.Activities.Infrastructure", "src\DiscordBot.Activities.Infrastructure\DiscordBot.Activities.Infrastructure.csproj", "{5A5210A5-0047-48B5-9B23-984E8B0844A3}"
EndProject
Project("{FAE04EC0-301F-11D3-BF4B-00C04F79EFBC}") = "DiscordBot.Activities.Api", "src\DiscordBot.Activities.Api\DiscordBot.Activities.Api.csproj", "{7AAF717F-79DF-4AD4-AB54-168B06E200D2}"
EndProject
Project("{2150E333-8FDC-42A3-9474-1A3956D46DE8}") = "tests", "tests", "{0AB3BF05-4346-4AA6-1389-037BE0695223}"
EndProject
Project("{FAE04EC0-301F-11D3-BF4B-00C04F79EFBC}") = "DiscordBot.Activities.UnitTests", "tests\DiscordBot.Activities.UnitTests\DiscordBot.Activities.UnitTests.csproj", "{A63E7E59-0090-43FC-AA0E-8E3443B14B14}"
EndProject
Project("{FAE04EC0-301F-11D3-BF4B-00C04F79EFBC}") = "DiscordBot.Activities.IntegrationTests", "tests\DiscordBot.Activities.IntegrationTests\DiscordBot.Activities.IntegrationTests.csproj", "{C3983838-8B82-4E88-B175-FBCFF38DB42B}"
EndProject
Global
	GlobalSection(SolutionConfigurationPlatforms) = preSolution
		Debug|Any CPU = Debug|Any CPU
		Debug|x64 = Debug|x64
		Debug|x86 = Debug|x86
		Release|Any CPU = Release|Any CPU
		Release|x64 = Release|x64
		Release|x86 = Release|x86
	EndGlobalSection
	GlobalSection(ProjectConfigurationPlatforms) = postSolution
		{B7075374-3861-4128-B8DD-DC9EFAA8D3A5}.Debug|Any CPU.ActiveCfg = Debug|Any CPU
		{B7075374-3861-4128-B8DD-DC9EFAA8D3A5}.Debug|Any CPU.Build.0 = Debug|Any CPU
		{B7075374-3861-4128-B8DD-DC9EFAA8D3A5}.Debug|x64.ActiveCfg = Debug|Any CPU
		{B7075374-3861-4128-B8DD-DC9EFAA8D3A5}.Debug|x64.Build.0 = Debug|Any CPU
		{B7075374-3861-4128-B8DD-DC9EFAA8D3A5}.Debug|x86.ActiveCfg = Debug|Any CPU
		{B7075374-3861-4128-B8DD-DC9EFAA8D3A5}.Debug|x86.Build.0 = Debug|Any CPU
		{B7075374-3861-4128-B8DD-DC9EFAA8D3A5}.Release|Any CPU.ActiveCfg = Release|Any CPU
		{B7075374-3861-4128-B8DD-DC9EFAA8D3A5}.Release|Any CPU.Build.0 = Release|Any CPU
		{B7075374-3861-4128-B8DD-DC9EFAA8D3A5}.Release|x64.ActiveCfg = Release|Any CPU
		{B7075374-3861-4128-B8DD-DC9EFAA8D3A5}.Release|x64.Build.0 = Release|Any CPU
		{B7075374-3861-4128-B8DD-DC9EFAA8D3A5}.Release|x86.ActiveCfg = Release|Any CPU
		{B7075374-3861-4128-B8DD-DC9EFAA8D3A5}.Release|x86.Build.0 = Release|Any CPU
		{B42730C4-D650-48D4-8B79-5FC3AB245737}.Debug|Any CPU.ActiveCfg = Debug|Any CPU
		{B42730C4-D650-48D4-8B79-5FC3AB245737}.Debug|Any CPU.Build.0 = Debug|Any CPU
		{B42730C4-D650-48D4-8B79-5FC3AB245737}.Debug|x64.ActiveCfg = Debug|Any CPU
		{B42730C4-D650-48D4-8B79-5FC3AB245737}.Debug|x64.Build.0 = Debug|Any CPU
		{B42730C4-D650-48D4-8B79-5FC3AB245737}.Debug|x86.ActiveCfg = Debug|Any CPU
		{B42730C4-D650-48D4-8B79-5FC3AB245737}.Debug|x86.Build.0 = Debug|Any CPU
		{B42730C4-D650-48D4-8B79-5FC3AB245737}.Release|Any CPU.ActiveCfg = Release|Any CPU
		{B42730C4-D650-48D4-8B79-5FC3AB245737}.Release|Any CPU.Build.0 = Release|Any CPU
		{B42730C4-D650-48D4-8B79-5FC3AB245737}.Release|x64.ActiveCfg = Release|Any CPU
		{B42730C4-D650-48D4-8B79-5FC3AB245737}.Release|x64.Build.0 = Release|Any CPU
		{B42730C4-D650-48D4-8B79-5FC3AB245737}.Release|x86.ActiveCfg = Release|Any CPU
		{B42730C4-D650-48D4-8B79-5FC3AB245737}.Release|x86.Build.0 = Release|Any CPU
		{0CAD32D0-AC98-43C8-AFFA-575F1ECDEE2F}.Debug|Any CPU.ActiveCfg = Debug|Any CPU
		{0CAD32D0-AC98-43C8-AFFA-575F1ECDEE2F}.Debug|Any CPU.Build.0 = Debug|Any CPU
		{0CAD32D0-AC98-43C8-AFFA-575F1ECDEE2F}.Debug|x64.ActiveCfg = Debug|Any CPU
		{0CAD32D0-AC98-43C8-AFFA-575F1ECDEE2F}.Debug|x64.Build.0 = Debug|Any CPU
		{0CAD32D0-AC98-43C8-AFFA-575F1ECDEE2F}.Debug|x86.ActiveCfg = Debug|Any CPU
		{0CAD32D0-AC98-43C8-AFFA-575F1ECDEE2F}.Debug|x86.Build.0 = Debug|Any CPU
		{0CAD32D0-AC98-43C8-AFFA-575F1ECDEE2F}.Release|Any CPU.ActiveCfg = Release|Any CPU
		{0CAD32D0-AC98-43C8-AFFA-575F1ECDEE2F}.Release|Any CPU.Build.0 = Release|Any CPU
		{0CAD32D0-AC98-43C8-AFFA-575F1ECDEE2F}.Release|x64.ActiveCfg = Release|Any CPU
		{0CAD32D0-AC98-43C8-AFFA-575F1ECDEE2F}.Release|x64.Build.0 = Release|Any CPU
		{0CAD32D0-AC98-43C8-AFFA-575F1ECDEE2F}.Release|x86.ActiveCfg = Release|Any CPU
		{0CAD32D0-AC98-43C8-AFFA-575F1ECDEE2F}.Release|x86.Build.0 = Release|Any CPU
		{769F39BA-7315-42A0-BDE5-8D6A5C7D5B06}.Debug|Any CPU.ActiveCfg = Debug|Any CPU
		{769F39BA-7315-42A0-BDE5-8D6A5C7D5B06}.Debug|Any CPU.Build.0 = Debug|Any CPU
		{769F39BA-7315-42A0-BDE5-8D6A5C7D5B06}.Debug|x64.ActiveCfg = Debug|Any CPU
		{769F39BA-7315-42A0-BDE5-8D6A5C7D5B06}.Debug|x64.Build.0 = Debug|Any CPU
		{769F39BA-7315-42A0-BDE5-8D6A5C7D5B06}.Debug|x86.ActiveCfg = Debug|Any CPU
		{769F39BA-7315-42A0-BDE5-8D6A5C7D5B06}.Debug|x86.Build.0 = Debug|Any CPU
		{769F39BA-7315-42A0-BDE5-8D6A5C7D5B06}.Release|Any CPU.ActiveCfg = Release|Any CPU
		{769F39BA-7315-42A0-BDE5-8D6A5C7D5B06}.Release|Any CPU.Build.0 = Release|Any CPU
		{769F39BA-7315-42A0-BDE5-8D6A5C7D5B06}.Release|x64.ActiveCfg = Release|Any CPU
		{769F39BA-7315-42A0-BDE5-8D6A5C7D5B06}.Release|x64.Build.0 = Release|Any CPU
		{769F39BA-7315-42A0-BDE5-8D6A5C7D5B06}.Release|x86.ActiveCfg = Release|Any CPU
		{769F39BA-7315-42A0-BDE5-8D6A5C7D5B06}.Release|x86.Build.0 = Release|Any CPU
		{0862FFB0-5504-4A25-8A1D-70842A34401F}.Debug|Any CPU.ActiveCfg = Debug|Any CPU
		{0862FFB0-5504-4A25-8A1D-70842A34401F}.Debug|Any CPU.Build.0 = Debug|Any CPU
		{0862FFB0-5504-4A25-8A1D-70842A34401F}.Debug|x64.ActiveCfg = Debug|Any CPU
		{0862FFB0-5504-4A25-8A1D-70842A34401F}.Debug|x64.Build.0 = Debug|Any CPU
		{0862FFB0-5504-4A25-8A1D-70842A34401F}.Debug|x86.ActiveCfg = Debug|Any CPU
		{0862FFB0-5504-4A25-8A1D-70842A34401F}.Debug|x86.Build.0 = Debug|Any CPU
		{0862FFB0-5504-4A25-8A1D-70842A34401F}.Release|Any CPU.ActiveCfg = Release|Any CPU
		{0862FFB0-5504-4A25-8A1D-70842A34401F}.Release|Any CPU.Build.0 = Release|Any CPU
		{0862FFB0-5504-4A25-8A1D-70842A34401F}.Release|x64.ActiveCfg = Release|Any CPU
		{0862FFB0-5504-4A25-8A1D-70842A34401F}.Release|x64.Build.0 = Release|Any CPU
		{0862FFB0-5504-4A25-8A1D-70842A34401F}.Release|x86.ActiveCfg = Release|Any CPU
		{0862FFB0-5504-4A25-8A1D-70842A34401F}.Release|x86.Build.0 = Release|Any CPU
		{486757D2-BE11-4649-A02F-FECEBEF027B1}.Debug|Any CPU.ActiveCfg = Debug|Any CPU
		{486757D2-BE11-4649-A02F-FECEBEF027B1}.Debug|Any CPU.Build.0 = Debug|Any CPU
		{486757D2-BE11-4649-A02F-FECEBEF027B1}.Debug|x64.ActiveCfg = Debug|Any CPU
		{486757D2-BE11-4649-A02F-FECEBEF027B1}.Debug|x64.Build.0 = Debug|Any CPU
		{486757D2-BE11-4649-A02F-FECEBEF027B1}.Debug|x86.ActiveCfg = Debug|Any CPU
		{486757D2-BE11-4649-A02F-FECEBEF027B1}.Debug|x86.Build.0 = Debug|Any CPU
		{486757D2-BE11-4649-A02F-FECEBEF027B1}.Release|Any CPU.ActiveCfg = Release|Any CPU
		{486757D2-BE11-4649-A02F-FECEBEF027B1}.Release|Any CPU.Build.0 = Release|Any CPU
		{486757D2-BE11-4649-A02F-FECEBEF027B1}.Release|x64.ActiveCfg = Release|Any CPU
		{486757D2-BE11-4649-A02F-FECEBEF027B1}.Release|x64.Build.0 = Release|Any CPU
		{486757D2-BE11-4649-A02F-FECEBEF027B1}.Release|x86.ActiveCfg = Release|Any CPU
		{486757D2-BE11-4649-A02F-FECEBEF027B1}.Release|x86.Build.0 = Release|Any CPU
		{542FC5E8-745F-43CF-94C0-0A63BCEDE808}.Debug|Any CPU.ActiveCfg = Debug|Any CPU
		{542FC5E8-745F-43CF-94C0-0A63BCEDE808}.Debug|Any CPU.Build.0 = Debug|Any CPU
		{542FC5E8-745F-43CF-94C0-0A63BCEDE808}.Debug|x64.ActiveCfg = Debug|Any CPU
		{542FC5E8-745F-43CF-94C0-0A63BCEDE808}.Debug|x64.Build.0 = Debug|Any CPU
		{542FC5E8-745F-43CF-94C0-0A63BCEDE808}.Debug|x86.ActiveCfg = Debug|Any CPU
		{542FC5E8-745F-43CF-94C0-0A63BCEDE808}.Debug|x86.Build.0 = Debug|Any CPU
		{542FC5E8-745F-43CF-94C0-0A63BCEDE808}.Release|Any CPU.ActiveCfg = Release|Any CPU
		{542FC5E8-745F-43CF-94C0-0A63BCEDE808}.Release|Any CPU.Build.0 = Release|Any CPU
		{542FC5E8-745F-43CF-94C0-0A63BCEDE808}.Release|x64.ActiveCfg = Release|Any CPU
		{542FC5E8-745F-43CF-94C0-0A63BCEDE808}.Release|x64.Build.0 = Release|Any CPU
		{542FC5E8-745F-43CF-94C0-0A63BCEDE808}.Release|x86.ActiveCfg = Release|Any CPU
		{542FC5E8-745F-43CF-94C0-0A63BCEDE808}.Release|x86.Build.0 = Release|Any CPU
		{5A5210A5-0047-48B5-9B23-984E8B0844A3}.Debug|Any CPU.ActiveCfg = Debug|Any CPU
		{5A5210A5-0047-48B5-9B23-984E8B0844A3}.Debug|Any CPU.Build.0 = Debug|Any CPU
		{5A5210A5-0047-48B5-9B23-984E8B0844A3}.Debug|x64.ActiveCfg = Debug|Any CPU
		{5A5210A5-0047-48B5-9B23-984E8B0844A3}.Debug|x64.Build.0 = Debug|Any CPU
		{5A5210A5-0047-48B5-9B23-984E8B0844A3}.Debug|x86.ActiveCfg = Debug|Any CPU
		{5A5210A5-0047-48B5-9B23-984E8B0844A3}.Debug|x86.Build.0 = Debug|Any CPU
		{5A5210A5-0047-48B5-9B23-984E8B0844A3}.Release|Any CPU.ActiveCfg = Release|Any CPU
		{5A5210A5-0047-48B5-9B23-984E8B0844A3}.Release|Any CPU.Build.0 = Release|Any CPU
		{5A5210A5-0047-48B5-9B23-984E8B0844A3}.Release|x64.ActiveCfg = Release|Any CPU
		{5A5210A5-0047-48B5-9B23-984E8B0844A3}.Release|x64.Build.0 = Release|Any CPU
		{5A5210A5-0047-48B5-9B23-984E8B0844A3}.Release|x86.ActiveCfg = Release|Any CPU
		{5A5210A5-0047-48B5-9B23-984E8B0844A3}.Release|x86.Build.0 = Release|Any CPU
		{7AAF717F-79DF-4AD4-AB54-168B06E200D2}.Debug|Any CPU.ActiveCfg = Debug|Any CPU
		{7AAF717F-79DF-4AD4-AB54-168B06E200D2}.Debug|Any CPU.Build.0 = Debug|Any CPU
		{7AAF717F-79DF-4AD4-AB54-168B06E200D2}.Debug|x64.ActiveCfg = Debug|Any CPU
		{7AAF717F-79DF-4AD4-AB54-168B06E200D2}.Debug|x64.Build.0 = Debug|Any CPU
		{7AAF717F-79DF-4AD4-AB54-168B06E200D2}.Debug|x86.ActiveCfg = Debug|Any CPU
		{7AAF717F-79DF-4AD4-AB54-168B06E200D2}.Debug|x86.Build.0 = Debug|Any CPU
		{7AAF717F-79DF-4AD4-AB54-168B06E200D2}.Release|Any CPU.ActiveCfg = Release|Any CPU
		{7AAF717F-79DF-4AD4-AB54-168B06E200D2}.Release|Any CPU.Build.0 = Release|Any CPU
		{7AAF717F-79DF-4AD4-AB54-168B06E200D2}.Release|x64.ActiveCfg = Release|Any CPU
		{7AAF717F-79DF-4AD4-AB54-168B06E200D2}.Release|x64.Build.0 = Release|Any CPU
		{7AAF717F-79DF-4AD4-AB54-168B06E200D2}.Release|x86.ActiveCfg = Release|Any CPU
		{7AAF717F-79DF-4AD4-AB54-168B06E200D2}.Release|x86.Build.0 = Release|Any CPU
		{A63E7E59-0090-43FC-AA0E-8E3443B14B14}.Debug|Any CPU.ActiveCfg = Debug|Any CPU
		{A63E7E59-0090-43FC-AA0E-8E3443B14B14}.Debug|Any CPU.Build.0 = Debug|Any CPU
		{A63E7E59-0090-43FC-AA0E-8E3443B14B14}.Debug|x64.ActiveCfg = Debug|Any CPU
		{A63E7E59-0090-43FC-AA0E-8E3443B14B14}.Debug|x64.Build.0 = Debug|Any CPU
		{A63E7E59-0090-43FC-AA0E-8E3443B14B14}.Debug|x86.ActiveCfg = Debug|Any CPU
		{A63E7E59-0090-43FC-AA0E-8E3443B14B14}.Debug|x86.Build.0 = Debug|Any CPU
		{A63E7E59-0090-43FC-AA0E-8E3443B14B14}.Release|Any CPU.ActiveCfg = Release|Any CPU
		{A63E7E59-0090-43FC-AA0E-8E3443B14B14}.Release|Any CPU.Build.0 = Release|Any CPU
		{A63E7E59-0090-43FC-AA0E-8E3443B14B14}.Release|x64.ActiveCfg = Release|Any CPU
		{A63E7E59-0090-43FC-AA0E-8E3443B14B14}.Release|x64.Build.0 = Release|Any CPU
		{A63E7E59-0090-43FC-AA0E-8E3443B14B14}.Release|x86.ActiveCfg = Release|Any CPU
		{A63E7E59-0090-43FC-AA0E-8E3443B14B14}.Release|x86.Build.0 = Release|Any CPU
		{C3983838-8B82-4E88-B175-FBCFF38DB42B}.Debug|Any CPU.ActiveCfg = Debug|Any CPU
		{C3983838-8B82-4E88-B175-FBCFF38DB42B}.Debug|Any CPU.Build.0 = Debug|Any CPU
		{C3983838-8B82-4E88-B175-FBCFF38DB42B}.Debug|x64.ActiveCfg = Debug|Any CPU
		{C3983838-8B82-4E88-B175-FBCFF38DB42B}.Debug|x64.Build.0 = Debug|Any CPU
		{C3983838-8B82-4E88-B175-FBCFF38DB42B}.Debug|x86.ActiveCfg = Debug|Any CPU
		{C3983838-8B82-4E88-B175-FBCFF38DB42B}.Debug|x86.Build.0 = Debug|Any CPU
		{C3983838-8B82-4E88-B175-FBCFF38DB42B}.Release|Any CPU.ActiveCfg = Release|Any CPU
		{C3983838-8B82-4E88-B175-FBCFF38DB42B}.Release|Any CPU.Build.0 = Release|Any CPU
		{C3983838-8B82-4E88-B175-FBCFF38DB42B}.Release|x64.ActiveCfg = Release|Any CPU
		{C3983838-8B82-4E88-B175-FBCFF38DB42B}.Release|x64.Build.0 = Release|Any CPU
		{C3983838-8B82-4E88-B175-FBCFF38DB42B}.Release|x86.ActiveCfg = Release|Any CPU
		{C3983838-8B82-4E88-B175-FBCFF38DB42B}.Release|x86.Build.0 = Release|Any CPU
	EndGlobalSection
	GlobalSection(SolutionProperties) = preSolution
		HideSolutionNode = FALSE
	EndGlobalSection
	GlobalSection(NestedProjects) = preSolution
		{B7075374-3861-4128-B8DD-DC9EFAA8D3A5} = {827E0CD3-B72D-47B6-A68D-7590B98EB39B}
		{B42730C4-D650-48D4-8B79-5FC3AB245737} = {827E0CD3-B72D-47B6-A68D-7590B98EB39B}
		{0CAD32D0-AC98-43C8-AFFA-575F1ECDEE2F} = {827E0CD3-B72D-47B6-A68D-7590B98EB39B}
		{769F39BA-7315-42A0-BDE5-8D6A5C7D5B06} = {827E0CD3-B72D-47B6-A68D-7590B98EB39B}
		{0862FFB0-5504-4A25-8A1D-70842A34401F} = {827E0CD3-B72D-47B6-A68D-7590B98EB39B}
		{486757D2-BE11-4649-A02F-FECEBEF027B1} = {827E0CD3-B72D-47B6-A68D-7590B98EB39B}
		{542FC5E8-745F-43CF-94C0-0A63BCEDE808} = {827E0CD3-B72D-47B6-A68D-7590B98EB39B}
		{5A5210A5-0047-48B5-9B23-984E8B0844A3} = {827E0CD3-B72D-47B6-A68D-7590B98EB39B}
		{7AAF717F-79DF-4AD4-AB54-168B06E200D2} = {827E0CD3-B72D-47B6-A68D-7590B98EB39B}
		{A63E7E59-0090-43FC-AA0E-8E3443B14B14} = {0AB3BF05-4346-4AA6-1389-037BE0695223}
		{C3983838-8B82-4E88-B175-FBCFF38DB42B} = {0AB3BF05-4346-4AA6-1389-037BE0695223}
	EndGlobalSection
EndGlobal
